// !$*UTF8*$!
{
	archiveVersion = 1;
	classes = {
	};
	objectVersion = 46;
	objects = {

/* Begin PBXBuildFile section */
		2209C4941E97C42C008490FE /* AppDelegate.swift in Sources */ = {isa = PBXBuildFile; fileRef = 2209C4931E97C42C008490FE /* AppDelegate.swift */; };
		2209C4961E97C42C008490FE /* ViewController.swift in Sources */ = {isa = PBXBuildFile; fileRef = 2209C4951E97C42C008490FE /* ViewController.swift */; };
		2209C4991E97C42C008490FE /* Main.storyboard in Resources */ = {isa = PBXBuildFile; fileRef = 2209C4971E97C42C008490FE /* Main.storyboard */; };
		2209C49B1E97C42C008490FE /* Assets.xcassets in Resources */ = {isa = PBXBuildFile; fileRef = 2209C49A1E97C42C008490FE /* Assets.xcassets */; };
		2209C49E1E97C42C008490FE /* LaunchScreen.storyboard in Resources */ = {isa = PBXBuildFile; fileRef = 2209C49C1E97C42C008490FE /* LaunchScreen.storyboard */; };
		2209C4A91E97C42C008490FE /* AppPruebaTests.swift in Sources */ = {isa = PBXBuildFile; fileRef = 2209C4A81E97C42C008490FE /* AppPruebaTests.swift */; };
		2209C4B41E97C42C008490FE /* AppPruebaUITests.swift in Sources */ = {isa = PBXBuildFile; fileRef = 2209C4B31E97C42C008490FE /* AppPruebaUITests.swift */; };
/* End PBXBuildFile section */

/* Begin PBXContainerItemProxy section */
		2209C4A51E97C42C008490FE /* PBXContainerItemProxy */ = {
			isa = PBXContainerItemProxy;
			containerPortal = 2209C4881E97C42C008490FE /* Project object */;
			proxyType = 1;
			remoteGlobalIDString = 2209C48F1E97C42C008490FE;
			remoteInfo = AppPrueba;
		};
		2209C4B01E97C42C008490FE /* PBXContainerItemProxy */ = {
			isa = PBXContainerItemProxy;
			containerPortal = 2209C4881E97C42C008490FE /* Project object */;
			proxyType = 1;
			remoteGlobalIDString = 2209C48F1E97C42C008490FE;
			remoteInfo = AppPrueba;
		};
/* End PBXContainerItemProxy section */

/* Begin PBXFileReference section */
		2209C4901E97C42C008490FE /* AppPrueba.app */ = {isa = PBXFileReference; explicitFileType = wrapper.application; includeInIndex = 0; path = AppPrueba.app; sourceTree = BUILT_PRODUCTS_DIR; };
		2209C4931E97C42C008490FE /* AppDelegate.swift */ = {isa = PBXFileReference; lastKnownFileType = sourcecode.swift; path = AppDelegate.swift; sourceTree = "<group>"; };
		2209C4951E97C42C008490FE /* ViewController.swift */ = {isa = PBXFileReference; lastKnownFileType = sourcecode.swift; path = ViewController.swift; sourceTree = "<group>"; };
		2209C4981E97C42C008490FE /* Base */ = {isa = PBXFileReference; lastKnownFileType = file.storyboard; name = Base; path = Base.lproj/Main.storyboard; sourceTree = "<group>"; };
		2209C49A1E97C42C008490FE /* Assets.xcassets */ = {isa = PBXFileReference; lastKnownFileType = folder.assetcatalog; path = Assets.xcassets; sourceTree = "<group>"; };
		2209C49D1E97C42C008490FE /* Base */ = {isa = PBXFileReference; lastKnownFileType = file.storyboard; name = Base; path = Base.lproj/LaunchScreen.storyboard; sourceTree = "<group>"; };
		2209C49F1E97C42C008490FE /* Info.plist */ = {isa = PBXFileReference; lastKnownFileType = text.plist.xml; path = Info.plist; sourceTree = "<group>"; };
		2209C4A41E97C42C008490FE /* AppPruebaTests.xctest */ = {isa = PBXFileReference; explicitFileType = wrapper.cfbundle; includeInIndex = 0; path = AppPruebaTests.xctest; sourceTree = BUILT_PRODUCTS_DIR; };
		2209C4A81E97C42C008490FE /* AppPruebaTests.swift */ = {isa = PBXFileReference; lastKnownFileType = sourcecode.swift; path = AppPruebaTests.swift; sourceTree = "<group>"; };
		2209C4AA1E97C42C008490FE /* Info.plist */ = {isa = PBXFileReference; lastKnownFileType = text.plist.xml; path = Info.plist; sourceTree = "<group>"; };
		2209C4AF1E97C42C008490FE /* AppPruebaUITests.xctest */ = {isa = PBXFileReference; explicitFileType = wrapper.cfbundle; includeInIndex = 0; path = AppPruebaUITests.xctest; sourceTree = BUILT_PRODUCTS_DIR; };
		2209C4B31E97C42C008490FE /* AppPruebaUITests.swift */ = {isa = PBXFileReference; lastKnownFileType = sourcecode.swift; path = AppPruebaUITests.swift; sourceTree = "<group>"; };
		2209C4B51E97C42C008490FE /* Info.plist */ = {isa = PBXFileReference; lastKnownFileType = text.plist.xml; path = Info.plist; sourceTree = "<group>"; };
/* End PBXFileReference section */

/* Begin PBXFrameworksBuildPhase section */
		2209C48D1E97C42C008490FE /* Frameworks */ = {
			isa = PBXFrameworksBuildPhase;
			buildActionMask = 2147483647;
			files = (
			);
			runOnlyForDeploymentPostprocessing = 0;
		};
		2209C4A11E97C42C008490FE /* Frameworks */ = {
			isa = PBXFrameworksBuildPhase;
			buildActionMask = 2147483647;
			files = (
			);
			runOnlyForDeploymentPostprocessing = 0;
		};
		2209C4AC1E97C42C008490FE /* Frameworks */ = {
			isa = PBXFrameworksBuildPhase;
			buildActionMask = 2147483647;
			files = (
			);
			runOnlyForDeploymentPostprocessing = 0;
		};
/* End PBXFrameworksBuildPhase section */

/* Begin PBXGroup section */
		2209C4871E97C42C008490FE = {
			isa = PBXGroup;
			children = (
				2209C4921E97C42C008490FE /* AppPrueba */,
				2209C4A71E97C42C008490FE /* AppPruebaTests */,
				2209C4B21E97C42C008490FE /* AppPruebaUITests */,
				2209C4911E97C42C008490FE /* Products */,
			);
			sourceTree = "<group>";
		};
		2209C4911E97C42C008490FE /* Products */ = {
			isa = PBXGroup;
			children = (
				2209C4901E97C42C008490FE /* AppPrueba.app */,
				2209C4A41E97C42C008490FE /* AppPruebaTests.xctest */,
				2209C4AF1E97C42C008490FE /* AppPruebaUITests.xctest */,
			);
			name = Products;
			sourceTree = "<group>";
		};
		2209C4921E97C42C008490FE /* AppPrueba */ = {
			isa = PBXGroup;
			children = (
				2209C4931E97C42C008490FE /* AppDelegate.swift */,
				2209C4951E97C42C008490FE /* ViewController.swift */,
				2209C4971E97C42C008490FE /* Main.storyboard */,
				2209C49A1E97C42C008490FE /* Assets.xcassets */,
				2209C49C1E97C42C008490FE /* LaunchScreen.storyboard */,
				2209C49F1E97C42C008490FE /* Info.plist */,
			);
			path = AppPrueba;
			sourceTree = "<group>";
		};
		2209C4A71E97C42C008490FE /* AppPruebaTests */ = {
			isa = PBXGroup;
			children = (
				2209C4A81E97C42C008490FE /* AppPruebaTests.swift */,
				2209C4AA1E97C42C008490FE /* Info.plist */,
			);
			path = AppPruebaTests;
			sourceTree = "<group>";
		};
		2209C4B21E97C42C008490FE /* AppPruebaUITests */ = {
			isa = PBXGroup;
			children = (
				2209C4B31E97C42C008490FE /* AppPruebaUITests.swift */,
				2209C4B51E97C42C008490FE /* Info.plist */,
			);
			path = AppPruebaUITests;
			sourceTree = "<group>";
		};
/* End PBXGroup section */

/* Begin PBXNativeTarget section */
		2209C48F1E97C42C008490FE /* AppPrueba */ = {
			isa = PBXNativeTarget;
			buildConfigurationList = 2209C4B81E97C42C008490FE /* Build configuration list for PBXNativeTarget "AppPrueba" */;
			buildPhases = (
				2209C48C1E97C42C008490FE /* Sources */,
				2209C48D1E97C42C008490FE /* Frameworks */,
				2209C48E1E97C42C008490FE /* Resources */,
			);
			buildRules = (
			);
			dependencies = (
			);
			name = AppPrueba;
			productName = AppPrueba;
			productReference = 2209C4901E97C42C008490FE /* AppPrueba.app */;
			productType = "com.apple.product-type.application";
		};
		2209C4A31E97C42C008490FE /* AppPruebaTests */ = {
			isa = PBXNativeTarget;
			buildConfigurationList = 2209C4BB1E97C42C008490FE /* Build configuration list for PBXNativeTarget "AppPruebaTests" */;
			buildPhases = (
				2209C4A01E97C42C008490FE /* Sources */,
				2209C4A11E97C42C008490FE /* Frameworks */,
				2209C4A21E97C42C008490FE /* Resources */,
			);
			buildRules = (
			);
			dependencies = (
				2209C4A61E97C42C008490FE /* PBXTargetDependency */,
			);
			name = AppPruebaTests;
			productName = AppPruebaTests;
			productReference = 2209C4A41E97C42C008490FE /* AppPruebaTests.xctest */;
			productType = "com.apple.product-type.bundle.unit-test";
		};
		2209C4AE1E97C42C008490FE /* AppPruebaUITests */ = {
			isa = PBXNativeTarget;
			buildConfigurationList = 2209C4BE1E97C42C008490FE /* Build configuration list for PBXNativeTarget "AppPruebaUITests" */;
			buildPhases = (
				2209C4AB1E97C42C008490FE /* Sources */,
				2209C4AC1E97C42C008490FE /* Frameworks */,
				2209C4AD1E97C42C008490FE /* Resources */,
			);
			buildRules = (
			);
			dependencies = (
				2209C4B11E97C42C008490FE /* PBXTargetDependency */,
			);
			name = AppPruebaUITests;
			productName = AppPruebaUITests;
			productReference = 2209C4AF1E97C42C008490FE /* AppPruebaUITests.xctest */;
			productType = "com.apple.product-type.bundle.ui-testing";
		};
/* End PBXNativeTarget section */

/* Begin PBXProject section */
		2209C4881E97C42C008490FE /* Project object */ = {
			isa = PBXProject;
			attributes = {
				LastSwiftUpdateCheck = 0830;
				LastUpgradeCheck = 0830;
				ORGANIZATIONNAME = "Mauricio Escobar";
				TargetAttributes = {
					2209C48F1E97C42C008490FE = {
						CreatedOnToolsVersion = 8.3;
						ProvisioningStyle = Automatic;
					};
					2209C4A31E97C42C008490FE = {
						CreatedOnToolsVersion = 8.3;
						ProvisioningStyle = Automatic;
						TestTargetID = 2209C48F1E97C42C008490FE;
					};
					2209C4AE1E97C42C008490FE = {
						CreatedOnToolsVersion = 8.3;
						ProvisioningStyle = Automatic;
						TestTargetID = 2209C48F1E97C42C008490FE;
					};
				};
			};
			buildConfigurationList = 2209C48B1E97C42C008490FE /* Build configuration list for PBXProject "AppPrueba" */;
			compatibilityVersion = "Xcode 3.2";
			developmentRegion = English;
			hasScannedForEncodings = 0;
			knownRegions = (
				en,
				Base,
			);
			mainGroup = 2209C4871E97C42C008490FE;
			productRefGroup = 2209C4911E97C42C008490FE /* Products */;
			projectDirPath = "";
			projectRoot = "";
			targets = (
				2209C48F1E97C42C008490FE /* AppPrueba */,
				2209C4A31E97C42C008490FE /* AppPruebaTests */,
				2209C4AE1E97C42C008490FE /* AppPruebaUITests */,
			);
		};
/* End PBXProject section */

/* Begin PBXResourcesBuildPhase section */
		2209C48E1E97C42C008490FE /* Resources */ = {
			isa = PBXResourcesBuildPhase;
			buildActionMask = 2147483647;
			files = (
				2209C49E1E97C42C008490FE /* LaunchScreen.storyboard in Resources */,
				2209C49B1E97C42C008490FE /* Assets.xcassets in Resources */,
				2209C4991E97C42C008490FE /* Main.storyboard in Resources */,
			);
			runOnlyForDeploymentPostprocessing = 0;
		};
		2209C4A21E97C42C008490FE /* Resources */ = {
			isa = PBXResourcesBuildPhase;
			buildActionMask = 2147483647;
			files = (
			);
			runOnlyForDeploymentPostprocessing = 0;
		};
		2209C4AD1E97C42C008490FE /* Resources */ = {
			isa = PBXResourcesBuildPhase;
			buildActionMask = 2147483647;
			files = (
			);
			runOnlyForDeploymentPostprocessing = 0;
		};
/* End PBXResourcesBuildPhase section */

/* Begin PBXSourcesBuildPhase section */
		2209C48C1E97C42C008490FE /* Sources */ = {
			isa = PBXSourcesBuildPhase;
			buildActionMask = 2147483647;
			files = (
				2209C4961E97C42C008490FE /* ViewController.swift in Sources */,
				2209C4941E97C42C008490FE /* AppDelegate.swift in Sources */,
			);
			runOnlyForDeploymentPostprocessing = 0;
		};
		2209C4A01E97C42C008490FE /* Sources */ = {
			isa = PBXSourcesBuildPhase;
			buildActionMask = 2147483647;
			files = (
				2209C4A91E97C42C008490FE /* AppPruebaTests.swift in Sources */,
			);
			runOnlyForDeploymentPostprocessing = 0;
		};
		2209C4AB1E97C42C008490FE /* Sources */ = {
			isa = PBXSourcesBuildPhase;
			buildActionMask = 2147483647;
			files = (
				2209C4B41E97C42C008490FE /* AppPruebaUITests.swift in Sources */,
			);
			runOnlyForDeploymentPostprocessing = 0;
		};
/* End PBXSourcesBuildPhase section */

/* Begin PBXTargetDependency section */
		2209C4A61E97C42C008490FE /* PBXTargetDependency */ = {
			isa = PBXTargetDependency;
			target = 2209C48F1E97C42C008490FE /* AppPrueba */;
			targetProxy = 2209C4A51E97C42C008490FE /* PBXContainerItemProxy */;
		};
		2209C4B11E97C42C008490FE /* PBXTargetDependency */ = {
			isa = PBXTargetDependency;
			target = 2209C48F1E97C42C008490FE /* AppPrueba */;
			targetProxy = 2209C4B01E97C42C008490FE /* PBXContainerItemProxy */;
		};
/* End PBXTargetDependency section */

/* Begin PBXVariantGroup section */
		2209C4971E97C42C008490FE /* Main.storyboard */ = {
			isa = PBXVariantGroup;
			children = (
				2209C4981E97C42C008490FE /* Base */,
			);
			name = Main.storyboard;
			sourceTree = "<group>";
		};
		2209C49C1E97C42C008490FE /* LaunchScreen.storyboard */ = {
			isa = PBXVariantGroup;
			children = (
				2209C49D1E97C42C008490FE /* Base */,
			);
			name = LaunchScreen.storyboard;
			sourceTree = "<group>";
		};
/* End PBXVariantGroup section */

/* Begin XCBuildConfiguration section */
		2209C4B61E97C42C008490FE /* Debug */ = {
			isa = XCBuildConfiguration;
			buildSettings = {
				ALWAYS_SEARCH_USER_PATHS = NO;
				CLANG_ANALYZER_NONNULL = YES;
				CLANG_ANALYZER_NUMBER_OBJECT_CONVERSION = YES_AGGRESSIVE;
				CLANG_CXX_LANGUAGE_STANDARD = "gnu++0x";
				CLANG_CXX_LIBRARY = "libc++";
				CLANG_ENABLE_MODULES = YES;
				CLANG_ENABLE_OBJC_ARC = YES;
				CLANG_WARN_BOOL_CONVERSION = YES;
				CLANG_WARN_CONSTANT_CONVERSION = YES;
				CLANG_WARN_DIRECT_OBJC_ISA_USAGE = YES_ERROR;
				CLANG_WARN_DOCUMENTATION_COMMENTS = YES;
				CLANG_WARN_EMPTY_BODY = YES;
				CLANG_WARN_ENUM_CONVERSION = YES;
				CLANG_WARN_INFINITE_RECURSION = YES;
				CLANG_WARN_INT_CONVERSION = YES;
				CLANG_WARN_OBJC_ROOT_CLASS = YES_ERROR;
				CLANG_WARN_SUSPICIOUS_MOVE = YES;
				CLANG_WARN_UNREACHABLE_CODE = YES;
				CLANG_WARN__DUPLICATE_METHOD_MATCH = YES;
				"CODE_SIGN_IDENTITY[sdk=iphoneos*]" = "iPhone Developer";
				COPY_PHASE_STRIP = NO;
				DEBUG_INFORMATION_FORMAT = dwarf;
				ENABLE_STRICT_OBJC_MSGSEND = YES;
				ENABLE_TESTABILITY = YES;
				GCC_C_LANGUAGE_STANDARD = gnu99;
				GCC_DYNAMIC_NO_PIC = NO;
				GCC_NO_COMMON_BLOCKS = YES;
				GCC_OPTIMIZATION_LEVEL = 0;
				GCC_PREPROCESSOR_DEFINITIONS = (
					"DEBUG=1",
					"$(inherited)",
				);
				GCC_WARN_64_TO_32_BIT_CONVERSION = YES;
				GCC_WARN_ABOUT_RETURN_TYPE = YES_ERROR;
				GCC_WARN_UNDECLARED_SELECTOR = YES;
				GCC_WARN_UNINITIALIZED_AUTOS = YES_AGGRESSIVE;
				GCC_WARN_UNUSED_FUNCTION = YES;
				GCC_WARN_UNUSED_VARIABLE = YES;
				IPHONEOS_DEPLOYMENT_TARGET = 10.3;
				MTL_ENABLE_DEBUG_INFO = YES;
				ONLY_ACTIVE_ARCH = YES;
				SDKROOT = iphoneos;
				SWIFT_ACTIVE_COMPILATION_CONDITIONS = DEBUG;
				SWIFT_OPTIMIZATION_LEVEL = "-Onone";
				TARGETED_DEVICE_FAMILY = "1,2";
			};
			name = Debug;
		};
		2209C4B71E97C42C008490FE /* Release */ = {
			isa = XCBuildConfiguration;
			buildSettings = {
				ALWAYS_SEARCH_USER_PATHS = NO;
				CLANG_ANALYZER_NONNULL = YES;
				CLANG_ANALYZER_NUMBER_OBJECT_CONVERSION = YES_AGGRESSIVE;
				CLANG_CXX_LANGUAGE_STANDARD = "gnu++0x";
				CLANG_CXX_LIBRARY = "libc++";
				CLANG_ENABLE_MODULES = YES;
				CLANG_ENABLE_OBJC_ARC = YES;
				CLANG_WARN_BOOL_CONVERSION = YES;
				CLANG_WARN_CONSTANT_CONVERSION = YES;
				CLANG_WARN_DIRECT_OBJC_ISA_USAGE = YES_ERROR;
				CLANG_WARN_DOCUMENTATION_COMMENTS = YES;
				CLANG_WARN_EMPTY_BODY = YES;
				CLANG_WARN_ENUM_CONVERSION = YES;
				CLANG_WARN_INFINITE_RECURSION = YES;
				CLANG_WARN_INT_CONVERSION = YES;
				CLANG_WARN_OBJC_ROOT_CLASS = YES_ERROR;
				CLANG_WARN_SUSPICIOUS_MOVE = YES;
				CLANG_WARN_UNREACHABLE_CODE = YES;
				CLANG_WARN__DUPLICATE_METHOD_MATCH = YES;
				"CODE_SIGN_IDENTITY[sdk=iphoneos*]" = "iPhone Developer";
				COPY_PHASE_STRIP = NO;
				DEBUG_INFORMATION_FORMAT = "dwarf-with-dsym";
				ENABLE_NS_ASSERTIONS = NO;
				ENABLE_STRICT_OBJC_MSGSEND = YES;
				GCC_C_LANGUAGE_STANDARD = gnu99;
				GCC_NO_COMMON_BLOCKS = YES;
				GCC_WARN_64_TO_32_BIT_CONVERSION = YES;
				GCC_WARN_ABOUT_RETURN_TYPE = YES_ERROR;
				GCC_WARN_UNDECLARED_SELECTOR = YES;
				GCC_WARN_UNINITIALIZED_AUTOS = YES_AGGRESSIVE;
				GCC_WARN_UNUSED_FUNCTION = YES;
				GCC_WARN_UNUSED_VARIABLE = YES;
				IPHONEOS_DEPLOYMENT_TARGET = 10.3;
				MTL_ENABLE_DEBUG_INFO = NO;
				SDKROOT = iphoneos;
				SWIFT_OPTIMIZATION_LEVEL = "-Owholemodule";
				TARGETED_DEVICE_FAMILY = "1,2";
				VALIDATE_PRODUCT = YES;
			};
			name = Release;
		};
		2209C4B91E97C42C008490FE /* Debug */ = {
			isa = XCBuildConfiguration;
			buildSettings = {
				ASSETCATALOG_COMPILER_APPICON_NAME = AppIcon;
				INFOPLIST_FILE = AppPrueba/Info.plist;
				LD_RUNPATH_SEARCH_PATHS = "$(inherited) @executable_path/Frameworks";
				PRODUCT_BUNDLE_IDENTIFIER = App.AppPrueba;
				PRODUCT_NAME = "$(TARGET_NAME)";
				SWIFT_VERSION = 3.0;
			};
			name = Debug;
		};
		2209C4BA1E97C42C008490FE /* Release */ = {
			isa = XCBuildConfiguration;
			buildSettings = {
				ASSETCATALOG_COMPILER_APPICON_NAME = AppIcon;
				INFOPLIST_FILE = AppPrueba/Info.plist;
				LD_RUNPATH_SEARCH_PATHS = "$(inherited) @executable_path/Frameworks";
				PRODUCT_BUNDLE_IDENTIFIER = App.AppPrueba;
				PRODUCT_NAME = "$(TARGET_NAME)";
				SWIFT_VERSION = 3.0;
			};
			name = Release;
		};
		2209C4BC1E97C42C008490FE /* Debug */ = {
			isa = XCBuildConfiguration;
			buildSettings = {
				ALWAYS_EMBED_SWIFT_STANDARD_LIBRARIES = YES;
				BUNDLE_LOADER = "$(TEST_HOST)";
				INFOPLIST_FILE = AppPruebaTests/Info.plist;
				LD_RUNPATH_SEARCH_PATHS = "$(inherited) @executable_path/Frameworks @loader_path/Frameworks";
				PRODUCT_BUNDLE_IDENTIFIER = App.AppPruebaTests;
				PRODUCT_NAME = "$(TARGET_NAME)";
				SWIFT_VERSION = 3.0;
				TEST_HOST = "$(BUILT_PRODUCTS_DIR)/AppPrueba.app/AppPrueba";
			};
			name = Debug;
		};
		2209C4BD1E97C42C008490FE /* Release */ = {
			isa = XCBuildConfiguration;
			buildSettings = {
				ALWAYS_EMBED_SWIFT_STANDARD_LIBRARIES = YES;
				BUNDLE_LOADER = "$(TEST_HOST)";
				INFOPLIST_FILE = AppPruebaTests/Info.plist;
				LD_RUNPATH_SEARCH_PATHS = "$(inherited) @executable_path/Frameworks @loader_path/Frameworks";
				PRODUCT_BUNDLE_IDENTIFIER = App.AppPruebaTests;
				PRODUCT_NAME = "$(TARGET_NAME)";
				SWIFT_VERSION = 3.0;
				TEST_HOST = "$(BUILT_PRODUCTS_DIR)/AppPrueba.app/AppPrueba";
			};
			name = Release;
		};
		2209C4BF1E97C42C008490FE /* Debug */ = {
			isa = XCBuildConfiguration;
			buildSettings = {
				ALWAYS_EMBED_SWIFT_STANDARD_LIBRARIES = YES;
				INFOPLIST_FILE = AppPruebaUITests/Info.plist;
				LD_RUNPATH_SEARCH_PATHS = "$(inherited) @executable_path/Frameworks @loader_path/Frameworks";
				PRODUCT_BUNDLE_IDENTIFIER = App.AppPruebaUITests;
				PRODUCT_NAME = "$(TARGET_NAME)";
				SWIFT_VERSION = 3.0;
				TEST_TARGET_NAME = AppPrueba;
			};
			name = Debug;
		};
		2209C4C01E97C42C008490FE /* Release */ = {
			isa = XCBuildConfiguration;
			buildSettings = {
				ALWAYS_EMBED_SWIFT_STANDARD_LIBRARIES = YES;
				INFOPLIST_FILE = AppPruebaUITests/Info.plist;
				LD_RUNPATH_SEARCH_PATHS = "$(inherited) @executable_path/Frameworks @loader_path/Frameworks";
				PRODUCT_BUNDLE_IDENTIFIER = App.AppPruebaUITests;
				PRODUCT_NAME = "$(TARGET_NAME)";
				SWIFT_VERSION = 3.0;
				TEST_TARGET_NAME = AppPrueba;
			};
			name = Release;
		};
/* End XCBuildConfiguration section */

/* Begin XCConfigurationList section */
		2209C48B1E97C42C008490FE /* Build configuration list for PBXProject "AppPrueba" */ = {
			isa = XCConfigurationList;
			buildConfigurations = (
				2209C4B61E97C42C008490FE /* Debug */,
				2209C4B71E97C42C008490FE /* Release */,
			);
			defaultConfigurationIsVisible = 0;
			defaultConfigurationName = Release;
		};
		2209C4B81E97C42C008490FE /* Build configuration list for PBXNativeTarget "AppPrueba" */ = {
			isa = XCConfigurationList;
			buildConfigurations = (
				2209C4B91E97C42C008490FE /* Debug */,
				2209C4BA1E97C42C008490FE /* Release */,
			);
			defaultConfigurationIsVisible = 0;
		};
		2209C4BB1E97C42C008490FE /* Build configuration list for PBXNativeTarget "AppPruebaTests" */ = {
			isa = XCConfigurationList;
			buildConfigurations = (
				2209C4BC1E97C42C008490FE /* Debug */,
				2209C4BD1E97C42C008490FE /* Release */,
			);
			defaultConfigurationIsVisible = 0;
		};
		2209C4BE1E97C42C008490FE /* Build configuration list for PBXNativeTarget "AppPruebaUITests" */ = {
			isa = XCConfigurationList;
			buildConfigurations = (
				2209C4BF1E97C42C008490FE /* Debug */,
				2209C4C01E97C42C008490FE /* Release */,
			);
			defaultConfigurationIsVisible = 0;
		};
/* End XCConfigurationList section */
	};
	rootObject = 2209C4881E97C42C008490FE /* Project object */;
}
